{
  "originHash" : "7b5e54f81ac1ebaa640945691cb38c371b637198701f04fba811702fc8e7067e",
  "pins" : [
    {
      "identity" : "sentry-cocoa",
      "kind" : "remoteSourceControl",
      "location" : "https://github.com/getsentry/sentry-cocoa.git",
      "state" : {
        "revision" : "f45e9c62d7a4d9258ac3cf35a3acf9dbab4481d1",
        "version" : "8.43.0"
      }
    }
  ],
  "version" : 3
}
